// !$*UTF8*$!
{
	archiveVersion = 1;
	classes = {
	};
	objectVersion = 46;
	objects = {

/* Begin PBXBuildFile section */
		5AF047951ADB9EE7009979C0 /* AppDelegate.swift in Sources */ = {isa = PBXBuildFile; fileRef = 5AF047941ADB9EE7009979C0 /* AppDelegate.swift */; };
		5AF047971ADB9EE7009979C0 /* ViewController.swift in Sources */ = {isa = PBXBuildFile; fileRef = 5AF047961ADB9EE7009979C0 /* ViewController.swift */; };
		5AF0479A1ADB9EE7009979C0 /* Main.storyboard in Resources */ = {isa = PBXBuildFile; fileRef = 5AF047981ADB9EE7009979C0 /* Main.storyboard */; };
		5AF0479C1ADB9EE7009979C0 /* Images.xcassets in Resources */ = {isa = PBXBuildFile; fileRef = 5AF0479B1ADB9EE7009979C0 /* Images.xcassets */; };
		5AF0479F1ADB9EE7009979C0 /* LaunchScreen.xib in Resources */ = {isa = PBXBuildFile; fileRef = 5AF0479D1ADB9EE7009979C0 /* LaunchScreen.xib */; };
		5AF047AB1ADB9EE7009979C0 /* LedMatrixTests.swift in Sources */ = {isa = PBXBuildFile; fileRef = 5AF047AA1ADB9EE7009979C0 /* LedMatrixTests.swift */; };
		5AF047B51ADBA1D4009979C0 /* PixelButtonViewCell.swift in Sources */ = {isa = PBXBuildFile; fileRef = 5AF047B41ADBA1D4009979C0 /* PixelButtonViewCell.swift */; };
		D2E14270BEE17B22F14D6F41 /* Pods.framework in Frameworks */ = {isa = PBXBuildFile; fileRef = 56ECF83962F82E2737E4B7E4 /* Pods.framework */; settings = {ATTRIBUTES = (Weak, ); }; };
/* End PBXBuildFile section */

/* Begin PBXContainerItemProxy section */
		5AF047A51ADB9EE7009979C0 /* PBXContainerItemProxy */ = {
			isa = PBXContainerItemProxy;
			containerPortal = 5AF047871ADB9EE7009979C0 /* Project object */;
			proxyType = 1;
			remoteGlobalIDString = 5AF0478E1ADB9EE7009979C0;
			remoteInfo = LedMatrix;
		};
/* End PBXContainerItemProxy section */

/* Begin PBXFileReference section */
		56ECF83962F82E2737E4B7E4 /* Pods.framework */ = {isa = PBXFileReference; explicitFileType = wrapper.framework; includeInIndex = 0; path = Pods.framework; sourceTree = BUILT_PRODUCTS_DIR; };
		5AF0478F1ADB9EE7009979C0 /* LedMatrix.app */ = {isa = PBXFileReference; explicitFileType = wrapper.application; includeInIndex = 0; path = LedMatrix.app; sourceTree = BUILT_PRODUCTS_DIR; };
		5AF047931ADB9EE7009979C0 /* Info.plist */ = {isa = PBXFileReference; lastKnownFileType = text.plist.xml; path = Info.plist; sourceTree = "<group>"; };
		5AF047941ADB9EE7009979C0 /* AppDelegate.swift */ = {isa = PBXFileReference; lastKnownFileType = sourcecode.swift; path = AppDelegate.swift; sourceTree = "<group>"; };
		5AF047961ADB9EE7009979C0 /* ViewController.swift */ = {isa = PBXFileReference; lastKnownFileType = sourcecode.swift; path = ViewController.swift; sourceTree = "<group>"; };
		5AF047991ADB9EE7009979C0 /* Base */ = {isa = PBXFileReference; lastKnownFileType = file.storyboard; name = Base; path = Base.lproj/Main.storyboard; sourceTree = "<group>"; };
		5AF0479B1ADB9EE7009979C0 /* Images.xcassets */ = {isa = PBXFileReference; lastKnownFileType = folder.assetcatalog; path = Images.xcassets; sourceTree = "<group>"; };
		5AF0479E1ADB9EE7009979C0 /* Base */ = {isa = PBXFileReference; lastKnownFileType = file.xib; name = Base; path = Base.lproj/LaunchScreen.xib; sourceTree = "<group>"; };
		5AF047A41ADB9EE7009979C0 /* LedMatrixTests.xctest */ = {isa = PBXFileReference; explicitFileType = wrapper.cfbundle; includeInIndex = 0; path = LedMatrixTests.xctest; sourceTree = BUILT_PRODUCTS_DIR; };
		5AF047A91ADB9EE7009979C0 /* Info.plist */ = {isa = PBXFileReference; lastKnownFileType = text.plist.xml; path = Info.plist; sourceTree = "<group>"; };
		5AF047AA1ADB9EE7009979C0 /* LedMatrixTests.swift */ = {isa = PBXFileReference; lastKnownFileType = sourcecode.swift; path = LedMatrixTests.swift; sourceTree = "<group>"; };
		5AF047B41ADBA1D4009979C0 /* PixelButtonViewCell.swift */ = {isa = PBXFileReference; fileEncoding = 4; lastKnownFileType = sourcecode.swift; path = PixelButtonViewCell.swift; sourceTree = "<group>"; };
		8C382A99EF8B3F7869D203DC /* Pods.debug.xcconfig */ = {isa = PBXFileReference; includeInIndex = 1; lastKnownFileType = text.xcconfig; name = Pods.debug.xcconfig; path = "Pods/Target Support Files/Pods/Pods.debug.xcconfig"; sourceTree = "<group>"; };
		F1421D05AC60A400FE5A6AB6 /* Pods.release.xcconfig */ = {isa = PBXFileReference; includeInIndex = 1; lastKnownFileType = text.xcconfig; name = Pods.release.xcconfig; path = "Pods/Target Support Files/Pods/Pods.release.xcconfig"; sourceTree = "<group>"; };
/* End PBXFileReference section */

/* Begin PBXFrameworksBuildPhase section */
		5AF0478C1ADB9EE7009979C0 /* Frameworks */ = {
			isa = PBXFrameworksBuildPhase;
			buildActionMask = 2147483647;
			files = (
				D2E14270BEE17B22F14D6F41 /* Pods.framework in Frameworks */,
			);
			runOnlyForDeploymentPostprocessing = 0;
		};
		5AF047A11ADB9EE7009979C0 /* Frameworks */ = {
			isa = PBXFrameworksBuildPhase;
			buildActionMask = 2147483647;
			files = (
			);
			runOnlyForDeploymentPostprocessing = 0;
		};
/* End PBXFrameworksBuildPhase section */

/* Begin PBXGroup section */
		5AF047861ADB9EE7009979C0 = {
			isa = PBXGroup;
			children = (
				5AF047911ADB9EE7009979C0 /* LedMatrix */,
				5AF047A71ADB9EE7009979C0 /* LedMatrixTests */,
				5AF047901ADB9EE7009979C0 /* Products */,
				A4B6DD8C29BF186297CE532B /* Pods */,
				AA151E8101F2B2EC31B61905 /* Frameworks */,
			);
			sourceTree = "<group>";
		};
		5AF047901ADB9EE7009979C0 /* Products */ = {
			isa = PBXGroup;
			children = (
				5AF0478F1ADB9EE7009979C0 /* LedMatrix.app */,
				5AF047A41ADB9EE7009979C0 /* LedMatrixTests.xctest */,
			);
			name = Products;
			sourceTree = "<group>";
		};
		5AF047911ADB9EE7009979C0 /* LedMatrix */ = {
			isa = PBXGroup;
			children = (
				5AF047961ADB9EE7009979C0 /* ViewController.swift */,
				5AF047981ADB9EE7009979C0 /* Main.storyboard */,
				5AF047B41ADBA1D4009979C0 /* PixelButtonViewCell.swift */,
				5AF0479B1ADB9EE7009979C0 /* Images.xcassets */,
				5AF047921ADB9EE7009979C0 /* Supporting Files */,
			);
			path = LedMatrix;
			sourceTree = "<group>";
		};
		5AF047921ADB9EE7009979C0 /* Supporting Files */ = {
			isa = PBXGroup;
			children = (
				5AF0479D1ADB9EE7009979C0 /* LaunchScreen.xib */,
				5AF047941ADB9EE7009979C0 /* AppDelegate.swift */,
				5AF047931ADB9EE7009979C0 /* Info.plist */,
			);
			name = "Supporting Files";
			sourceTree = "<group>";
		};
		5AF047A71ADB9EE7009979C0 /* LedMatrixTests */ = {
			isa = PBXGroup;
			children = (
				5AF047AA1ADB9EE7009979C0 /* LedMatrixTests.swift */,
				5AF047A81ADB9EE7009979C0 /* Supporting Files */,
			);
			path = LedMatrixTests;
			sourceTree = "<group>";
		};
		5AF047A81ADB9EE7009979C0 /* Supporting Files */ = {
			isa = PBXGroup;
			children = (
				5AF047A91ADB9EE7009979C0 /* Info.plist */,
			);
			name = "Supporting Files";
			sourceTree = "<group>";
		};
		A4B6DD8C29BF186297CE532B /* Pods */ = {
			isa = PBXGroup;
			children = (
				8C382A99EF8B3F7869D203DC /* Pods.debug.xcconfig */,
				F1421D05AC60A400FE5A6AB6 /* Pods.release.xcconfig */,
			);
			name = Pods;
			sourceTree = "<group>";
		};
		AA151E8101F2B2EC31B61905 /* Frameworks */ = {
			isa = PBXGroup;
			children = (
				56ECF83962F82E2737E4B7E4 /* Pods.framework */,
			);
			name = Frameworks;
			sourceTree = "<group>";
		};
/* End PBXGroup section */

/* Begin PBXNativeTarget section */
		5AF0478E1ADB9EE7009979C0 /* LedMatrix */ = {
			isa = PBXNativeTarget;
			buildConfigurationList = 5AF047AE1ADB9EE7009979C0 /* Build configuration list for PBXNativeTarget "LedMatrix" */;
			buildPhases = (
				F1FFF2C86A9EA598E0619C21 /* Check Pods Manifest.lock */,
				5AF0478B1ADB9EE7009979C0 /* Sources */,
				5AF0478C1ADB9EE7009979C0 /* Frameworks */,
				5AF0478D1ADB9EE7009979C0 /* Resources */,
				466F4AA1378FBD98C87AA1B4 /* Embed Pods Frameworks */,
				F229C4D59E6F3935F5531EE2 /* Copy Pods Resources */,
			);
			buildRules = (
			);
			dependencies = (
			);
			name = LedMatrix;
			productName = LedMatrix;
			productReference = 5AF0478F1ADB9EE7009979C0 /* LedMatrix.app */;
			productType = "com.apple.product-type.application";
		};
		5AF047A31ADB9EE7009979C0 /* LedMatrixTests */ = {
			isa = PBXNativeTarget;
			buildConfigurationList = 5AF047B11ADB9EE7009979C0 /* Build configuration list for PBXNativeTarget "LedMatrixTests" */;
			buildPhases = (
				5AF047A01ADB9EE7009979C0 /* Sources */,
				5AF047A11ADB9EE7009979C0 /* Frameworks */,
				5AF047A21ADB9EE7009979C0 /* Resources */,
			);
			buildRules = (
			);
			dependencies = (
				5AF047A61ADB9EE7009979C0 /* PBXTargetDependency */,
			);
			name = LedMatrixTests;
			productName = LedMatrixTests;
			productReference = 5AF047A41ADB9EE7009979C0 /* LedMatrixTests.xctest */;
			productType = "com.apple.product-type.bundle.unit-test";
		};
/* End PBXNativeTarget section */

/* Begin PBXProject section */
		5AF047871ADB9EE7009979C0 /* Project object */ = {
			isa = PBXProject;
			attributes = {
				LastUpgradeCheck = 0630;
				ORGANIZATIONNAME = "Alexander Kasimir";
				TargetAttributes = {
					5AF0478E1ADB9EE7009979C0 = {
						CreatedOnToolsVersion = 6.3;
					};
					5AF047A31ADB9EE7009979C0 = {
						CreatedOnToolsVersion = 6.3;
						TestTargetID = 5AF0478E1ADB9EE7009979C0;
					};
				};
			};
			buildConfigurationList = 5AF0478A1ADB9EE7009979C0 /* Build configuration list for PBXProject "LedMatrix" */;
			compatibilityVersion = "Xcode 3.2";
			developmentRegion = English;
			hasScannedForEncodings = 0;
			knownRegions = (
				en,
				Base,
			);
			mainGroup = 5AF047861ADB9EE7009979C0;
			productRefGroup = 5AF047901ADB9EE7009979C0 /* Products */;
			projectDirPath = "";
			projectRoot = "";
			targets = (
				5AF0478E1ADB9EE7009979C0 /* LedMatrix */,
				5AF047A31ADB9EE7009979C0 /* LedMatrixTests */,
			);
		};
/* End PBXProject section */

/* Begin PBXResourcesBuildPhase section */
		5AF0478D1ADB9EE7009979C0 /* Resources */ = {
			isa = PBXResourcesBuildPhase;
			buildActionMask = 2147483647;
			files = (
				5AF0479A1ADB9EE7009979C0 /* Main.storyboard in Resources */,
				5AF0479F1ADB9EE7009979C0 /* LaunchScreen.xib in Resources */,
				5AF0479C1ADB9EE7009979C0 /* Images.xcassets in Resources */,
			);
			runOnlyForDeploymentPostprocessing = 0;
		};
		5AF047A21ADB9EE7009979C0 /* Resources */ = {
			isa = PBXResourcesBuildPhase;
			buildActionMask = 2147483647;
			files = (
			);
			runOnlyForDeploymentPostprocessing = 0;
		};
/* End PBXResourcesBuildPhase section */

/* Begin PBXShellScriptBuildPhase section */
		466F4AA1378FBD98C87AA1B4 /* Embed Pods Frameworks */ = {
			isa = PBXShellScriptBuildPhase;
			buildActionMask = 2147483647;
			files = (
			);
			inputPaths = (
			);
			name = "Embed Pods Frameworks";
			outputPaths = (
			);
			runOnlyForDeploymentPostprocessing = 0;
			shellPath = /bin/sh;
			shellScript = "\"${SRCROOT}/Pods/Target Support Files/Pods/Pods-frameworks.sh\"\n";
			showEnvVarsInLog = 0;
		};
		F1FFF2C86A9EA598E0619C21 /* Check Pods Manifest.lock */ = {
			isa = PBXShellScriptBuildPhase;
			buildActionMask = 2147483647;
			files = (
			);
			inputPaths = (
			);
			name = "Check Pods Manifest.lock";
			outputPaths = (
			);
			runOnlyForDeploymentPostprocessing = 0;
			shellPath = /bin/sh;
			shellScript = "diff \"${PODS_ROOT}/../Podfile.lock\" \"${PODS_ROOT}/Manifest.lock\" > /dev/null\nif [[ $? != 0 ]] ; then\n    cat << EOM\nerror: The sandbox is not in sync with the Podfile.lock. Run 'pod install' or update your CocoaPods installation.\nEOM\n    exit 1\nfi\n";
			showEnvVarsInLog = 0;
		};
		F229C4D59E6F3935F5531EE2 /* Copy Pods Resources */ = {
			isa = PBXShellScriptBuildPhase;
			buildActionMask = 2147483647;
			files = (
			);
			inputPaths = (
			);
			name = "Copy Pods Resources";
			outputPaths = (
			);
			runOnlyForDeploymentPostprocessing = 0;
			shellPath = /bin/sh;
			shellScript = "\"${SRCROOT}/Pods/Target Support Files/Pods/Pods-resources.sh\"\n";
			showEnvVarsInLog = 0;
		};
/* End PBXShellScriptBuildPhase section */

/* Begin PBXSourcesBuildPhase section */
		5AF0478B1ADB9EE7009979C0 /* Sources */ = {
			isa = PBXSourcesBuildPhase;
			buildActionMask = 2147483647;
			files = (
				5AF047971ADB9EE7009979C0 /* ViewController.swift in Sources */,
				5AF047951ADB9EE7009979C0 /* AppDelegate.swift in Sources */,
				5AF047B51ADBA1D4009979C0 /* PixelButtonViewCell.swift in Sources */,
			);
			runOnlyForDeploymentPostprocessing = 0;
		};
		5AF047A01ADB9EE7009979C0 /* Sources */ = {
			isa = PBXSourcesBuildPhase;
			buildActionMask = 2147483647;
			files = (
				5AF047AB1ADB9EE7009979C0 /* LedMatrixTests.swift in Sources */,
			);
			runOnlyForDeploymentPostprocessing = 0;
		};
/* End PBXSourcesBuildPhase section */

/* Begin PBXTargetDependency section */
		5AF047A61ADB9EE7009979C0 /* PBXTargetDependency */ = {
			isa = PBXTargetDependency;
			target = 5AF0478E1ADB9EE7009979C0 /* LedMatrix */;
			targetProxy = 5AF047A51ADB9EE7009979C0 /* PBXContainerItemProxy */;
		};
/* End PBXTargetDependency section */

/* Begin PBXVariantGroup section */
		5AF047981ADB9EE7009979C0 /* Main.storyboard */ = {
			isa = PBXVariantGroup;
			children = (
				5AF047991ADB9EE7009979C0 /* Base */,
			);
			name = Main.storyboard;
			sourceTree = "<group>";
		};
		5AF0479D1ADB9EE7009979C0 /* LaunchScreen.xib */ = {
			isa = PBXVariantGroup;
			children = (
				5AF0479E1ADB9EE7009979C0 /* Base */,
			);
			name = LaunchScreen.xib;
			sourceTree = "<group>";
		};
/* End PBXVariantGroup section */

/* Begin XCBuildConfiguration section */
		5AF047AC1ADB9EE7009979C0 /* Debug */ = {
			isa = XCBuildConfiguration;
			buildSettings = {
				ALWAYS_SEARCH_USER_PATHS = NO;
				CLANG_CXX_LANGUAGE_STANDARD = "gnu++0x";
				CLANG_CXX_LIBRARY = "libc++";
				CLANG_ENABLE_MODULES = YES;
				CLANG_ENABLE_OBJC_ARC = YES;
				CLANG_WARN_BOOL_CONVERSION = YES;
				CLANG_WARN_CONSTANT_CONVERSION = YES;
				CLANG_WARN_DIRECT_OBJC_ISA_USAGE = YES_ERROR;
				CLANG_WARN_EMPTY_BODY = YES;
				CLANG_WARN_ENUM_CONVERSION = YES;
				CLANG_WARN_INT_CONVERSION = YES;
				CLANG_WARN_OBJC_ROOT_CLASS = YES_ERROR;
				CLANG_WARN_UNREACHABLE_CODE = YES;
				CLANG_WARN__DUPLICATE_METHOD_MATCH = YES;
				"CODE_SIGN_IDENTITY[sdk=iphoneos*]" = "iPhone Developer";
				COPY_PHASE_STRIP = NO;
				DEBUG_INFORMATION_FORMAT = "dwarf-with-dsym";
				ENABLE_STRICT_OBJC_MSGSEND = YES;
				GCC_C_LANGUAGE_STANDARD = gnu99;
				GCC_DYNAMIC_NO_PIC = NO;
				GCC_NO_COMMON_BLOCKS = YES;
				GCC_OPTIMIZATION_LEVEL = 0;
				GCC_PREPROCESSOR_DEFINITIONS = (
					"DEBUG=1",
					"$(inherited)",
				);
				GCC_SYMBOLS_PRIVATE_EXTERN = NO;
				GCC_WARN_64_TO_32_BIT_CONVERSION = YES;
				GCC_WARN_ABOUT_RETURN_TYPE = YES_ERROR;
				GCC_WARN_UNDECLARED_SELECTOR = YES;
				GCC_WARN_UNINITIALIZED_AUTOS = YES_AGGRESSIVE;
				GCC_WARN_UNUSED_FUNCTION = YES;
				GCC_WARN_UNUSED_VARIABLE = YES;
				IPHONEOS_DEPLOYMENT_TARGET = 8.3;
				MTL_ENABLE_DEBUG_INFO = YES;
				ONLY_ACTIVE_ARCH = YES;
				SDKROOT = iphoneos;
				SWIFT_OPTIMIZATION_LEVEL = "-Onone";
				TARGETED_DEVICE_FAMILY = "1,2";
			};
			name = Debug;
		};
		5AF047AD1ADB9EE7009979C0 /* Release */ = {
			isa = XCBuildConfiguration;
			buildSettings = {
				ALWAYS_SEARCH_USER_PATHS = NO;
				CLANG_CXX_LANGUAGE_STANDARD = "gnu++0x";
				CLANG_CXX_LIBRARY = "libc++";
				CLANG_ENABLE_MODULES = YES;
				CLANG_ENABLE_OBJC_ARC = YES;
				CLANG_WARN_BOOL_CONVERSION = YES;
				CLANG_WARN_CONSTANT_CONVERSION = YES;
				CLANG_WARN_DIRECT_OBJC_ISA_USAGE = YES_ERROR;
				CLANG_WARN_EMPTY_BODY = YES;
				CLANG_WARN_ENUM_CONVERSION = YES;
				CLANG_WARN_INT_CONVERSION = YES;
				CLANG_WARN_OBJC_ROOT_CLASS = YES_ERROR;
				CLANG_WARN_UNREACHABLE_CODE = YES;
				CLANG_WARN__DUPLICATE_METHOD_MATCH = YES;
				"CODE_SIGN_IDENTITY[sdk=iphoneos*]" = "iPhone Developer";
				COPY_PHASE_STRIP = NO;
				DEBUG_INFORMATION_FORMAT = "dwarf-with-dsym";
				ENABLE_NS_ASSERTIONS = NO;
				ENABLE_STRICT_OBJC_MSGSEND = YES;
				GCC_C_LANGUAGE_STANDARD = gnu99;
				GCC_NO_COMMON_BLOCKS = YES;
				GCC_WARN_64_TO_32_BIT_CONVERSION = YES;
				GCC_WARN_ABOUT_RETURN_TYPE = YES_ERROR;
				GCC_WARN_UNDECLARED_SELECTOR = YES;
				GCC_WARN_UNINITIALIZED_AUTOS = YES_AGGRESSIVE;
				GCC_WARN_UNUSED_FUNCTION = YES;
				GCC_WARN_UNUSED_VARIABLE = YES;
				IPHONEOS_DEPLOYMENT_TARGET = 8.3;
				MTL_ENABLE_DEBUG_INFO = NO;
				SDKROOT = iphoneos;
				TARGETED_DEVICE_FAMILY = "1,2";
				VALIDATE_PRODUCT = YES;
			};
			name = Release;
		};
		5AF047AF1ADB9EE7009979C0 /* Debug */ = {
			isa = XCBuildConfiguration;
			baseConfigurationReference = 8C382A99EF8B3F7869D203DC /* Pods.debug.xcconfig */;
			buildSettings = {
				ASSETCATALOG_COMPILER_APPICON_NAME = AppIcon;
				INFOPLIST_FILE = LedMatrix/Info.plist;
				IPHONEOS_DEPLOYMENT_TARGET = 8.0;
				LD_RUNPATH_SEARCH_PATHS = "$(inherited) @executable_path/Frameworks";
				PRODUCT_NAME = "$(TARGET_NAME)";
				TARGETED_DEVICE_FAMILY = 1;
			};
			name = Debug;
		};
		5AF047B01ADB9EE7009979C0 /* Release */ = {
			isa = XCBuildConfiguration;
			baseConfigurationReference = F1421D05AC60A400FE5A6AB6 /* Pods.release.xcconfig */;
			buildSettings = {
				ASSETCATALOG_COMPILER_APPICON_NAME = AppIcon;
				INFOPLIST_FILE = LedMatrix/Info.plist;
				IPHONEOS_DEPLOYMENT_TARGET = 8.0;
				LD_RUNPATH_SEARCH_PATHS = "$(inherited) @executable_path/Frameworks";
				PRODUCT_NAME = "$(TARGET_NAME)";
				TARGETED_DEVICE_FAMILY = 1;
			};
			name = Release;
		};
		5AF047B21ADB9EE7009979C0 /* Debug */ = {
			isa = XCBuildConfiguration;
			buildSettings = {
				BUNDLE_LOADER = "$(TEST_HOST)";
				FRAMEWORK_SEARCH_PATHS = (
					"$(SDKROOT)/Developer/Library/Frameworks",
					"$(inherited)",
				);
				GCC_PREPROCESSOR_DEFINITIONS = (
					"DEBUG=1",
					"$(inherited)",
				);
				INFOPLIST_FILE = LedMatrixTests/Info.plist;
				LD_RUNPATH_SEARCH_PATHS = "$(inherited) @executable_path/Frameworks @loader_path/Frameworks";
				PRODUCT_NAME = "$(TARGET_NAME)";
				TEST_HOST = "$(BUILT_PRODUCTS_DIR)/LedMatrix.app/LedMatrix";
			};
			name = Debug;
		};
		5AF047B31ADB9EE7009979C0 /* Release */ = {
			isa = XCBuildConfiguration;
			buildSettings = {
				BUNDLE_LOADER = "$(TEST_HOST)";
				FRAMEWORK_SEARCH_PATHS = (
					"$(SDKROOT)/Developer/Library/Frameworks",
					"$(inherited)",
				);
				INFOPLIST_FILE = LedMatrixTests/Info.plist;
				LD_RUNPATH_SEARCH_PATHS = "$(inherited) @executable_path/Frameworks @loader_path/Frameworks";
				PRODUCT_NAME = "$(TARGET_NAME)";
				TEST_HOST = "$(BUILT_PRODUCTS_DIR)/LedMatrix.app/LedMatrix";
			};
			name = Release;
		};
/* End XCBuildConfiguration section */

/* Begin XCConfigurationList section */
		5AF0478A1ADB9EE7009979C0 /* Build configuration list for PBXProject "LedMatrix" */ = {
			isa = XCConfigurationList;
			buildConfigurations = (
				5AF047AC1ADB9EE7009979C0 /* Debug */,
				5AF047AD1ADB9EE7009979C0 /* Release */,
			);
			defaultConfigurationIsVisible = 0;
			defaultConfigurationName = Release;
		};
		5AF047AE1ADB9EE7009979C0 /* Build configuration list for PBXNativeTarget "LedMatrix" */ = {
			isa = XCConfigurationList;
			buildConfigurations = (
				5AF047AF1ADB9EE7009979C0 /* Debug */,
				5AF047B01ADB9EE7009979C0 /* Release */,
			);
			defaultConfigurationIsVisible = 0;
			defaultConfigurationName = Release;
		};
		5AF047B11ADB9EE7009979C0 /* Build configuration list for PBXNativeTarget "LedMatrixTests" */ = {
			isa = XCConfigurationList;
			buildConfigurations = (
				5AF047B21ADB9EE7009979C0 /* Debug */,
				5AF047B31ADB9EE7009979C0 /* Release */,
			);
			defaultConfigurationIsVisible = 0;
			defaultConfigurationName = Release;
		};
/* End XCConfigurationList section */
	};
	rootObject = 5AF047871ADB9EE7009979C0 /* Project object */;
}
